// !$*UTF8*$!
{
	archiveVersion = 1;
	classes = {
	};
	objectVersion = 46;
	objects = {

		2EA8168674A11EEEC271A66D = {isa = PBXBuildFile; fileRef = EF8C7E829402A1956BF6771B; };
		04C60892B1D4273425EB864F = {isa = PBXBuildFile; fileRef = 2AB6DAD98D55C5CCF1AECD8A; };
		FEA972DD8880085302A65DE1 = {isa = PBXBuildFile; fileRef = CD7764515AB68C59BEBAD69E; };
		0B57C6500EFAEB58D32A4640 = {isa = PBXBuildFile; fileRef = 7A3EB85354D5991B99BA1F4B; };
		1D5012BC3EAA07B30642EC9C = {isa = PBXBuildFile; fileRef = B1B4F843A6330623CBCB0438; };
		A0844E2CB706142EE391DB90 = {isa = PBXBuildFile; fileRef = 15B391504FEA8BB27E8FE793; };
		5A5CAD9662FB0EC39176DB89 = {isa = PBXBuildFile; fileRef = 4F876D9D993C9AB9F220E179; };
		E5890BE11E1D7A12B85C780C = {isa = PBXBuildFile; fileRef = A103C8D17FD9256F8E6A5CFB; };
		1D5BD77982DD6178C945C019 = {isa = PBXBuildFile; fileRef = DA5D88A831D8866EDE1BAE53; };
		B1EED2F841C48B105E3B9602 = {isa = PBXBuildFile; fileRef = 8A253E24ABE2F0F9763D9F7D; };
		1549D67EBD3EE8C0853348D7 = {isa = PBXBuildFile; fileRef = F17D1216D73C5585EFB452C6; };
		DF3D9631E875F02BD02C4708 = {isa = PBXBuildFile; fileRef = 206CF2AACBAB43C60718A0CD; };
		C1C9A65436CD231C3B69C884 = {isa = PBXBuildFile; fileRef = B6D7D27D35E17FD4B19B3761; };
		30EF2A27D2CFBE3AD9D7D79A = {isa = PBXBuildFile; fileRef = 8E95E7729E6B99449724E6FD; };
		DF518D7229D676912541A7E7 = {isa = PBXBuildFile; fileRef = 9573CE1010D3D4586E661445; };
		7261147E6CB7CC20269D1E48 = {isa = PBXBuildFile; fileRef = 2B0DA463A9743B120DEFE71A; };
		3A7B4F723C0A1BE0CAC59AC7 = {isa = PBXBuildFile; fileRef = FEB92E1B6306B18B7822D8B8; };
		F60D4E0D6ECB557994716F9B = {isa = PBXBuildFile; fileRef = 2958B7AD6A3B4A076C63BAC7; };
		EBCAD98D7E9C40187674398C = {isa = PBXBuildFile; fileRef = F984C08391E9238EE1F767E3; };
		C2CD7CB1A5C0141C2153733C = {isa = PBXBuildFile; fileRef = EE85EFE74F6148A38BDA4CEF; };
		87D7724CC65DDE5D6E81611A = {isa = PBXBuildFile; fileRef = 31F86FD7EA58BB627564CCB3; };
		59BAA0CDD7FCCE70AFEA9199 = {isa = PBXBuildFile; fileRef = 8FD9514223C580C3DDC73431; };
		313D41EE16936F78377DBF9F = {isa = PBXBuildFile; fileRef = E061DCB487339FCEE835F77E; };
		A1E497502AD314AAA23D595C = {isa = PBXBuildFile; fileRef = 7DDC94D05E96F6FD06E77E40; };
		ED4A7AAB222962004B1B567A = {isa = PBXBuildFile; fileRef = F614B559257D421DD68B2D78; };
		3EBB8227EA0869C62AD99DCC = {isa = PBXBuildFile; fileRef = C9011989F1FA79BF98CB6D66; };
		B9813EF9699FF0B02C3F17D7 = {isa = PBXBuildFile; fileRef = 4D773F270323C10A02D23704; };
		A07727A3111A3D156119ABCA = {isa = PBXBuildFile; fileRef = 5E5C74BFA893D07EF3B484D4; };
		8EF3AFA0E78CCD546B2B9230 = {isa = PBXBuildFile; fileRef = 3735A21102F2EF71C7850566; };
		B4833BE92B5FAC9523E6D43A = {isa = PBXBuildFile; fileRef = 456F7577BF4DCA23C5AF1174; };
		0D7A09B2E85B5AA24BE6C827 = {isa = PBXBuildFile; fileRef = 76A4E5F12FBFA560D226B410; };
		8DA2A4E06BFA0F4BBDB603D7 = {isa = PBXBuildFile; fileRef = ED66851699A627FAE24964C0; };
		9F6B8E9245DC4E324ED38EA6 = {isa = PBXBuildFile; fileRef = 3898E616C7D72F642D6C7D21; };
		64340A309BAA9699D06C264C = {isa = PBXBuildFile; fileRef = 8B8B5E1BE641D9700373DCF4; };
		3446C1FD27673C1AAB8A7BE3 = {isa = PBXBuildFile; fileRef = F72B86845118B1F3EDF1C6A6; };
		4A065B0818C70EB90674F9E9 = {isa = PBXBuildFile; fileRef = BBFB0D102F726C64595758DF; };
		F243930F7CDA4B614FB166B4 = {isa = PBXBuildFile; fileRef = 9806A82839E4C11CB3469BAE; };
		752ED9B2DBCE29EEE8E0CCCD = {isa = PBXBuildFile; fileRef = 51FE696E997DEEAEC4A4155B; };
		2965750B3A396D138A5D75DF = {isa = PBXBuildFile; fileRef = 186C4FB680C0BFD2CA9E9256; };
		9C8D958CCEB84B859A76636C = {isa = PBXBuildFile; fileRef = 86B69FF962D0BC0E25DCE6F3; };
		013E935F2DEC49FF6C21292A = {isa = PBXFileReference; lastKnownFileType = text.plist.xml; name = "Info-VST.plist"; path = "Info-VST.plist"; sourceTree = "SOURCE_ROOT"; };
		15B391504FEA8BB27E8FE793 = {isa = PBXFileReference; lastKnownFileType = wrapper.framework; name = AudioToolbox.framework; path = System/Library/Frameworks/AudioToolbox.framework; sourceTree = SDKROOT; };
		186C4FB680C0BFD2CA9E9256 = {isa = PBXFileReference; lastKnownFileType = sourcecode.cpp.objcpp; name = "include_juce_gui_basics.mm"; path = "../../JuceLibraryCode/include_juce_gui_basics.mm"; sourceTree = "SOURCE_ROOT"; };
		206CF2AACBAB43C60718A0CD = {isa = PBXFileReference; lastKnownFileType = wrapper.framework; name = CoreMIDI.framework; path = System/Library/Frameworks/CoreMIDI.framework; sourceTree = SDKROOT; };
		2230C24B29C0E071F7941268 = {isa = PBXFileReference; lastKnownFileType = sourcecode.c.h; name = PluginEditor.h; path = ../../Source/PluginEditor.h; sourceTree = "SOURCE_ROOT"; };
		2958B7AD6A3B4A076C63BAC7 = {isa = PBXFileReference; lastKnownFileType = sourcecode.cpp.cpp; name = PluginSelector.cpp; path = ../../Source/PluginSelector.cpp; sourceTree = "SOURCE_ROOT"; };
		30B0EE125C23AC76A0BE1038 = {isa = PBXFileReference; lastKnownFileType = file; name = "juce_audio_plugin_client"; path = "../../JuceLibraryCode/modules/juce_audio_plugin_client"; sourceTree = "SOURCE_ROOT"; };
		31F86FD7EA58BB627564CCB3 = {isa = PBXFileReference; lastKnownFileType = sourcecode.cpp.cpp; name = PluginProcessor.cpp; path = ../../Source/PluginProcessor.cpp; sourceTree = "SOURCE_ROOT"; };
		3735A21102F2EF71C7850566 = {isa = PBXFileReference; lastKnownFileType = sourcecode.cpp.cpp; name = "include_juce_audio_plugin_client_utils.cpp"; path = "../../JuceLibraryCode/include_juce_audio_plugin_client_utils.cpp"; sourceTree = "SOURCE_ROOT"; };
		3898E616C7D72F642D6C7D21 = {isa = PBXFileReference; lastKnownFileType = sourcecode.cpp.objcpp; name = "include_juce_audio_processors.mm"; path = "../../JuceLibraryCode/include_juce_audio_processors.mm"; sourceTree = "SOURCE_ROOT"; };
		3CBFACF7B1F4C467C9EABF81 = {isa = PBXFileReference; lastKnownFileType = file; name = "juce_gui_extra"; path = "../../JuceLibraryCode/modules/juce_gui_extra"; sourceTree = "SOURCE_ROOT"; };
		3F9069EA62F5D6D0A41ED37F = {isa = PBXFileReference; lastKnownFileType = file; name = "juce_data_structures"; path = "../../JuceLibraryCode/modules/juce_data_structures"; sourceTree = "SOURCE_ROOT"; };
		3F95EAC378DAB29C66010D7F = {isa = PBXFileReference; lastKnownFileType = file; name = "juce_core"; path = "../../JuceLibraryCode/modules/juce_core"; sourceTree = "SOURCE_ROOT"; };
		456F7577BF4DCA23C5AF1174 = {isa = PBXFileReference; lastKnownFileType = sourcecode.cpp.objcpp; name = "include_juce_audio_plugin_client_VST_utils.mm"; path = "../../JuceLibraryCode/include_juce_audio_plugin_client_VST_utils.mm"; sourceTree = "SOURCE_ROOT"; };
		492127F06F07641BBA6643A2 = {isa = PBXFileReference; lastKnownFileType = sourcecode.c.h; name = JuceHeader.h; path = ../../JuceLibraryCode/JuceHeader.h; sourceTree = "SOURCE_ROOT"; };
		4D773F270323C10A02D23704 = {isa = PBXFileReference; lastKnownFileType = sourcecode.cpp.objcpp; name = "include_juce_audio_plugin_client_AU_1.mm"; path = "../../JuceLibraryCode/include_juce_audio_plugin_client_AU_1.mm"; sourceTree = "SOURCE_ROOT"; };
		4F876D9D993C9AB9F220E179 = {isa = PBXFileReference; lastKnownFileType = wrapper.framework; name = AudioUnit.framework; path = System/Library/Frameworks/AudioUnit.framework; sourceTree = SDKROOT; };
		51FE696E997DEEAEC4A4155B = {isa = PBXFileReference; lastKnownFileType = sourcecode.cpp.objcpp; name = "include_juce_graphics.mm"; path = "../../JuceLibraryCode/include_juce_graphics.mm"; sourceTree = "SOURCE_ROOT"; };
		5E5C74BFA893D07EF3B484D4 = {isa = PBXFileReference; lastKnownFileType = sourcecode.cpp.objcpp; name = "include_juce_audio_plugin_client_AU_2.mm"; path = "../../JuceLibraryCode/include_juce_audio_plugin_client_AU_2.mm"; sourceTree = "SOURCE_ROOT"; };
		64DC258A3B3AC77C2177B715 = {isa = PBXFileReference; lastKnownFileType = sourcecode.c.h; name = HostedPluginEditor.h; path = ../../Source/HostedPluginEditor.h; sourceTree = "SOURCE_ROOT"; };
		76A4E5F12FBFA560D226B410 = {isa = PBXFileReference; lastKnownFileType = sourcecode.cpp.cpp; name = "include_juce_audio_plugin_client_VST2.cpp"; path = "../../JuceLibraryCode/include_juce_audio_plugin_client_VST2.cpp"; sourceTree = "SOURCE_ROOT"; };
		7DDC94D05E96F6FD06E77E40 = {isa = PBXFileReference; lastKnownFileType = sourcecode.cpp.objcpp; name = "include_juce_audio_devices.mm"; path = "../../JuceLibraryCode/include_juce_audio_devices.mm"; sourceTree = "SOURCE_ROOT"; };
		8230C4BF009034E1AA21C712 = {isa = PBXFileReference; lastKnownFileType = sourcecode.c.h; name = PluginProcessor.h; path = ../../Source/PluginProcessor.h; sourceTree = "SOURCE_ROOT"; };
		8A253E24ABE2F0F9763D9F7D = {isa = PBXFileReference; lastKnownFileType = wrapper.framework; name = CoreAudio.framework; path = System/Library/Frameworks/CoreAudio.framework; sourceTree = SDKROOT; };
		8E95E7729E6B99449724E6FD = {isa = PBXFileReference; lastKnownFileType = wrapper.framework; name = IOKit.framework; path = System/Library/Frameworks/IOKit.framework; sourceTree = SDKROOT; };
		9573CE1010D3D4586E661445 = {isa = PBXFileReference; lastKnownFileType = wrapper.framework; name = QuartzCore.framework; path = System/Library/Frameworks/QuartzCore.framework; sourceTree = SDKROOT; };
		EF8C7E829402A1956BF6771B = {isa = PBXFileReference; explicitFileType = wrapper.cfbundle; includeInIndex = 0; path = MEC.vst; sourceTree = "BUILT_PRODUCTS_DIR"; };
		2AB6DAD98D55C5CCF1AECD8A = {isa = PBXFileReference; explicitFileType = wrapper.cfbundle; includeInIndex = 0; path = MEC.vst3; sourceTree = "BUILT_PRODUCTS_DIR"; };
		2B0DA463A9743B120DEFE71A = {isa = PBXFileReference; lastKnownFileType = wrapper.framework; name = WebKit.framework; path = System/Library/Frameworks/WebKit.framework; sourceTree = SDKROOT; };
		37BC9E000631ADC8BF1C12BD = {isa = PBXFileReference; lastKnownFileType = text.plist.xml; name = "Info-AU.plist"; path = "Info-AU.plist"; sourceTree = "SOURCE_ROOT"; };
		58C317AE0180B454D1169FA1 = {isa = PBXFileReference; lastKnownFileType = file; name = "juce_audio_basics"; path = "../../JuceLibraryCode/modules/juce_audio_basics"; sourceTree = "SOURCE_ROOT"; };
		7B03470EC2B4F52CA1FF3D29 = {isa = PBXFileReference; lastKnownFileType = file; name = "juce_audio_formats"; path = "../../JuceLibraryCode/modules/juce_audio_formats"; sourceTree = "SOURCE_ROOT"; };
		86B69FF962D0BC0E25DCE6F3 = {isa = PBXFileReference; lastKnownFileType = sourcecode.cpp.objcpp; name = "include_juce_gui_extra.mm"; path = "../../JuceLibraryCode/include_juce_gui_extra.mm"; sourceTree = "SOURCE_ROOT"; };
		8B8B5E1BE641D9700373DCF4 = {isa = PBXFileReference; lastKnownFileType = sourcecode.cpp.objcpp; name = "include_juce_audio_utils.mm"; path = "../../JuceLibraryCode/include_juce_audio_utils.mm"; sourceTree = "SOURCE_ROOT"; };
		9806A82839E4C11CB3469BAE = {isa = PBXFileReference; lastKnownFileType = sourcecode.cpp.objcpp; name = "include_juce_events.mm"; path = "../../JuceLibraryCode/include_juce_events.mm"; sourceTree = "SOURCE_ROOT"; };
		99F5E2E06263DB10D2EDB920 = {isa = PBXFileReference; lastKnownFileType = text.plist.xml; name = "Info-VST3.plist"; path = "Info-VST3.plist"; sourceTree = "SOURCE_ROOT"; };
		9D7776792FE9683F842CF2A3 = {isa = PBXFileReference; lastKnownFileType = sourcecode.c.h; name = AppConfig.h; path = ../../JuceLibraryCode/AppConfig.h; sourceTree = "SOURCE_ROOT"; };
		A103C8D17FD9256F8E6A5CFB = {isa = PBXFileReference; lastKnownFileType = wrapper.framework; name = Carbon.framework; path = System/Library/Frameworks/Carbon.framework; sourceTree = SDKROOT; };
		B1B4F843A6330623CBCB0438 = {isa = PBXFileReference; lastKnownFileType = wrapper.framework; name = Accelerate.framework; path = System/Library/Frameworks/Accelerate.framework; sourceTree = SDKROOT; };
		B4C73D04366CE9D8683143B7 = {isa = PBXFileReference; lastKnownFileType = file; name = "juce_graphics"; path = "../../JuceLibraryCode/modules/juce_graphics"; sourceTree = "SOURCE_ROOT"; };
		B5D79B04787545C3812B6288 = {isa = PBXFileReference; lastKnownFileType = sourcecode.c.h; name = PluginHeader.h; path = ../../Source/PluginHeader.h; sourceTree = "SOURCE_ROOT"; };
		CD7764515AB68C59BEBAD69E = {isa = PBXFileReference; explicitFileType = wrapper.cfbundle; includeInIndex = 0; path = MEC.component; sourceTree = "BUILT_PRODUCTS_DIR"; };
		7A3EB85354D5991B99BA1F4B = {isa = PBXFileReference; explicitFileType = archive.ar; includeInIndex = 0; path = libMEC.a; sourceTree = "BUILT_PRODUCTS_DIR"; };
		7B776A5B6A9960528F754859 = {isa = PBXFileReference; lastKnownFileType = text.plist.xml; name = MEC.entitlements; path = MEC.entitlements; sourceTree = "SOURCE_ROOT"; };
		8FD9514223C580C3DDC73431 = {isa = PBXFileReference; lastKnownFileType = sourcecode.cpp.cpp; name = PluginEditor.cpp; path = ../../Source/PluginEditor.cpp; sourceTree = "SOURCE_ROOT"; };
		A8B3392D85863E722D52798F = {isa = PBXFileReference; lastKnownFileType = file; name = "juce_audio_processors"; path = "../../JuceLibraryCode/modules/juce_audio_processors"; sourceTree = "SOURCE_ROOT"; };
		B6D7D27D35E17FD4B19B3761 = {isa = PBXFileReference; lastKnownFileType = wrapper.framework; name = DiscRecording.framework; path = System/Library/Frameworks/DiscRecording.framework; sourceTree = SDKROOT; };
		BBFB0D102F726C64595758DF = {isa = PBXFileReference; lastKnownFileType = sourcecode.cpp.objcpp; name = "include_juce_data_structures.mm"; path = "../../JuceLibraryCode/include_juce_data_structures.mm"; sourceTree = "SOURCE_ROOT"; };
		C2A048C0EC134632E2D0F645 = {isa = PBXFileReference; lastKnownFileType = file; name = "juce_audio_utils"; path = "../../JuceLibraryCode/modules/juce_audio_utils"; sourceTree = "SOURCE_ROOT"; };
		C8519230B9F44460AD1FAE95 = {isa = PBXFileReference; lastKnownFileType = file; name = "juce_gui_basics"; path = "../../JuceLibraryCode/modules/juce_gui_basics"; sourceTree = "SOURCE_ROOT"; };
		C9011989F1FA79BF98CB6D66 = {isa = PBXFileReference; lastKnownFileType = file.r; name = "include_juce_audio_plugin_client_AU.r"; path = "../../JuceLibraryCode/include_juce_audio_plugin_client_AU.r"; sourceTree = "SOURCE_ROOT"; };
		D804ECBB7B5713692775939F = {isa = PBXFileReference; lastKnownFileType = file; name = "juce_audio_devices"; path = "../../JuceLibraryCode/modules/juce_audio_devices"; sourceTree = "SOURCE_ROOT"; };
		DA5D88A831D8866EDE1BAE53 = {isa = PBXFileReference; lastKnownFileType = wrapper.framework; name = Cocoa.framework; path = System/Library/Frameworks/Cocoa.framework; sourceTree = SDKROOT; };
		E061DCB487339FCEE835F77E = {isa = PBXFileReference; lastKnownFileType = sourcecode.cpp.objcpp; name = "include_juce_audio_basics.mm"; path = "../../JuceLibraryCode/include_juce_audio_basics.mm"; sourceTree = "SOURCE_ROOT"; };
		ED66851699A627FAE24964C0 = {isa = PBXFileReference; lastKnownFileType = sourcecode.cpp.cpp; name = "include_juce_audio_plugin_client_VST3.cpp"; path = "../../JuceLibraryCode/include_juce_audio_plugin_client_VST3.cpp"; sourceTree = "SOURCE_ROOT"; };
		EE85EFE74F6148A38BDA4CEF = {isa = PBXFileReference; lastKnownFileType = sourcecode.cpp.cpp; name = HostedPluginEditor.cpp; path = ../../Source/HostedPluginEditor.cpp; sourceTree = "SOURCE_ROOT"; };
		F017AF851D71E5B039BD35E0 = {isa = PBXFileReference; lastKnownFileType = sourcecode.c.h; name = PluginSelector.h; path = ../../Source/PluginSelector.h; sourceTree = "SOURCE_ROOT"; };
		F17D1216D73C5585EFB452C6 = {isa = PBXFileReference; lastKnownFileType = wrapper.framework; name = CoreAudioKit.framework; path = System/Library/Frameworks/CoreAudioKit.framework; sourceTree = SDKROOT; };
		F614B559257D421DD68B2D78 = {isa = PBXFileReference; lastKnownFileType = sourcecode.cpp.objcpp; name = "include_juce_audio_formats.mm"; path = "../../JuceLibraryCode/include_juce_audio_formats.mm"; sourceTree = "SOURCE_ROOT"; };
		F72B86845118B1F3EDF1C6A6 = {isa = PBXFileReference; lastKnownFileType = sourcecode.cpp.objcpp; name = "include_juce_core.mm"; path = "../../JuceLibraryCode/include_juce_core.mm"; sourceTree = "SOURCE_ROOT"; };
		F984C08391E9238EE1F767E3 = {isa = PBXFileReference; lastKnownFileType = sourcecode.cpp.cpp; name = PluginHeader.cpp; path = ../../Source/PluginHeader.cpp; sourceTree = "SOURCE_ROOT"; };
		FEB92E1B6306B18B7822D8B8 = {isa = PBXFileReference; lastKnownFileType = file.nib; name = RecentFilesMenuTemplate.nib; path = RecentFilesMenuTemplate.nib; sourceTree = "SOURCE_ROOT"; };
		FF4593B37F108AABE65DA832 = {isa = PBXFileReference; lastKnownFileType = file; name = "juce_events"; path = "../../JuceLibraryCode/modules/juce_events"; sourceTree = "SOURCE_ROOT"; };
		F87E0ADDE9A3D1445B961FE2 = {isa = PBXGroup; children = (
					2958B7AD6A3B4A076C63BAC7,
					F017AF851D71E5B039BD35E0,
					F984C08391E9238EE1F767E3,
					B5D79B04787545C3812B6288,
					EE85EFE74F6148A38BDA4CEF,
					64DC258A3B3AC77C2177B715,
					31F86FD7EA58BB627564CCB3,
					8230C4BF009034E1AA21C712,
					8FD9514223C580C3DDC73431,
					2230C24B29C0E071F7941268, ); name = Source; sourceTree = "<group>"; };
		11CEEB023E14B7B6434B7FAA = {isa = PBXGroup; children = (
					F87E0ADDE9A3D1445B961FE2, ); name = MEC; sourceTree = "<group>"; };
		3CD15A6B731B73EE4270EBF2 = {isa = PBXGroup; children = (
					58C317AE0180B454D1169FA1,
					D804ECBB7B5713692775939F,
					7B03470EC2B4F52CA1FF3D29,
					30B0EE125C23AC76A0BE1038,
					A8B3392D85863E722D52798F,
					C2A048C0EC134632E2D0F645,
					3F95EAC378DAB29C66010D7F,
					3F9069EA62F5D6D0A41ED37F,
					FF4593B37F108AABE65DA832,
					B4C73D04366CE9D8683143B7,
					C8519230B9F44460AD1FAE95,
					3CBFACF7B1F4C467C9EABF81, ); name = "Juce Modules"; sourceTree = "<group>"; };
		F4CD17076719AFFEF4797B99 = {isa = PBXGroup; children = (
					9D7776792FE9683F842CF2A3,
					E061DCB487339FCEE835F77E,
					7DDC94D05E96F6FD06E77E40,
					F614B559257D421DD68B2D78,
					C9011989F1FA79BF98CB6D66,
					4D773F270323C10A02D23704,
					5E5C74BFA893D07EF3B484D4,
					3735A21102F2EF71C7850566,
					456F7577BF4DCA23C5AF1174,
					76A4E5F12FBFA560D226B410,
					ED66851699A627FAE24964C0,
					3898E616C7D72F642D6C7D21,
					8B8B5E1BE641D9700373DCF4,
					F72B86845118B1F3EDF1C6A6,
					BBFB0D102F726C64595758DF,
					9806A82839E4C11CB3469BAE,
					51FE696E997DEEAEC4A4155B,
					186C4FB680C0BFD2CA9E9256,
					86B69FF962D0BC0E25DCE6F3,
					492127F06F07641BBA6643A2, ); name = "Juce Library Code"; sourceTree = "<group>"; };
		AFBEA4AD14908F2AF01E58F4 = {isa = PBXGroup; children = (
					013E935F2DEC49FF6C21292A,
					99F5E2E06263DB10D2EDB920,
					37BC9E000631ADC8BF1C12BD,
					FEB92E1B6306B18B7822D8B8, ); name = Resources; sourceTree = "<group>"; };
		4E4229CB0F0F94AFF7A7CEFC = {isa = PBXGroup; children = (
					B1B4F843A6330623CBCB0438,
					15B391504FEA8BB27E8FE793,
					4F876D9D993C9AB9F220E179,
					A103C8D17FD9256F8E6A5CFB,
					DA5D88A831D8866EDE1BAE53,
					8A253E24ABE2F0F9763D9F7D,
					F17D1216D73C5585EFB452C6,
					206CF2AACBAB43C60718A0CD,
					B6D7D27D35E17FD4B19B3761,
					8E95E7729E6B99449724E6FD,
					9573CE1010D3D4586E661445,
					2B0DA463A9743B120DEFE71A, ); name = Frameworks; sourceTree = "<group>"; };
		FC9E0676BE9008B334DE5CD3 = {isa = PBXGroup; children = (
					EF8C7E829402A1956BF6771B,
					2AB6DAD98D55C5CCF1AECD8A,
					CD7764515AB68C59BEBAD69E,
					7A3EB85354D5991B99BA1F4B, ); name = Products; sourceTree = "<group>"; };
		529AC845D54B215BA5627594 = {isa = PBXGroup; children = (
					7B776A5B6A9960528F754859,
					11CEEB023E14B7B6434B7FAA,
					3CD15A6B731B73EE4270EBF2,
					F4CD17076719AFFEF4797B99,
					AFBEA4AD14908F2AF01E58F4,
					4E4229CB0F0F94AFF7A7CEFC,
					FC9E0676BE9008B334DE5CD3, ); name = Source; sourceTree = "<group>"; };
		CDF53D41651FB8F4916DE35E = {isa = XCBuildConfiguration; buildSettings = {  }; name = Debug; };
		351324086CC5A4D7239ABCA6 = {isa = XCBuildConfiguration; buildSettings = {  }; name = Release; };
		AA863C6E4E18754DE0ACE025 = {isa = XCBuildConfiguration; buildSettings = {
				CLANG_CXX_LANGUAGE_STANDARD = "c++0x";
				CLANG_LINK_OBJC_RUNTIME = NO;
				COMBINE_HIDPI_IMAGES = YES;
				CONFIGURATION_BUILD_DIR = "$(PROJECT_DIR)/build/$(CONFIGURATION)";
				COPY_PHASE_STRIP = NO;
				DEPLOYMENT_LOCATION = YES;
				DSTROOT = /;
				GCC_DYNAMIC_NO_PIC = NO;
				GCC_OPTIMIZATION_LEVEL = 0;
				GCC_PREPROCESSOR_DEFINITIONS = (
					"_DEBUG=1",
					"DEBUG=1",
					"JUCER_XCODE_MAC_F6D2F4CF=1",
					"JUCE_APP_VERSION=1.0.0",
					"JUCE_APP_VERSION_HEX=0x10000",
					"JucePlugin_Build_VST=1",
					"JucePlugin_Build_VST3=0",
					"JucePlugin_Build_AU=0",
					"JucePlugin_Build_AUv3=0",
					"JucePlugin_Build_RTAS=0",
					"JucePlugin_Build_AAX=0",
					"JucePlugin_Build_Standalone=0", );
				GCC_VERSION = com.apple.compilers.llvm.clang.1_0;
				GENERATE_PKGINFO_FILE = YES;
				HEADER_SEARCH_PATHS = ("\"~/SDKs/Steinberg/VST3/VST3 SDK\"", "../../JuceLibraryCode", "../../JuceLibraryCode/modules", "../../../mec-api", "../../JuceLibraryCode/modules/juce_audio_plugin_client", "$(inherited)");
				INFOPLIST_FILE = Info-VST.plist;
				INSTALL_PATH = "$(HOME)/Library/Audio/Plug-Ins/VST/";
				LIBRARY_SEARCH_PATHS = ("$(inherited)", "\"../../../build/release/lib\"");
				LIBRARY_STYLE = Bundle;
				MACOSX_DEPLOYMENT_TARGET = 10.11;
				MACOSX_DEPLOYMENT_TARGET_ppc = 10.4;
				OTHER_LDFLAGS = "-bundle -lMEC -Wl,-rpath,@loader_path/../Frameworks -lmec-api";
				PRODUCT_BUNDLE_IDENTIFIER = com.technobear.MEC;
				SDKROOT_ppc = macosx10.5;
				USE_HEADERMAP = NO;
				WRAPPER_EXTENSION = vst; }; name = Debug; };
		31B4D272F1BAFF4E335192E9 = {isa = XCBuildConfiguration; buildSettings = {
				CLANG_CXX_LANGUAGE_STANDARD = "c++0x";
				CLANG_LINK_OBJC_RUNTIME = NO;
				COMBINE_HIDPI_IMAGES = YES;
				CONFIGURATION_BUILD_DIR = "$(PROJECT_DIR)/build/$(CONFIGURATION)";
				DEAD_CODE_STRIPPING = YES;
				DEPLOYMENT_LOCATION = YES;
				DSTROOT = /;
				GCC_GENERATE_DEBUGGING_SYMBOLS = NO;
				GCC_OPTIMIZATION_LEVEL = 3;
				GCC_PREPROCESSOR_DEFINITIONS = (
					"_NDEBUG=1",
					"NDEBUG=1",
					"JUCER_XCODE_MAC_F6D2F4CF=1",
					"JUCE_APP_VERSION=1.0.0",
					"JUCE_APP_VERSION_HEX=0x10000",
					"JucePlugin_Build_VST=1",
					"JucePlugin_Build_VST3=0",
					"JucePlugin_Build_AU=0",
					"JucePlugin_Build_AUv3=0",
					"JucePlugin_Build_RTAS=0",
					"JucePlugin_Build_AAX=0",
					"JucePlugin_Build_Standalone=0", );
				GCC_SYMBOLS_PRIVATE_EXTERN = YES;
				GCC_VERSION = com.apple.compilers.llvm.clang.1_0;
				GENERATE_PKGINFO_FILE = YES;
				HEADER_SEARCH_PATHS = ("\"~/SDKs/Steinberg/VST3/VST3 SDK\"", "../../JuceLibraryCode", "../../JuceLibraryCode/modules", "../../../mec-api", "../../JuceLibraryCode/modules/juce_audio_plugin_client", "$(inherited)");
				INFOPLIST_FILE = Info-VST.plist;
				INSTALL_PATH = "$(HOME)/Library/Audio/Plug-Ins/VST/";
				LIBRARY_SEARCH_PATHS = ("$(inherited)", "\"../../../build/release/lib\"");
				LIBRARY_STYLE = Bundle;
				MACOSX_DEPLOYMENT_TARGET = 10.11;
				MACOSX_DEPLOYMENT_TARGET_ppc = 10.4;
				OTHER_LDFLAGS = "-bundle -lMEC -Wl,-rpath,@loader_path/../Frameworks -lmec-api";
				PRODUCT_BUNDLE_IDENTIFIER = com.technobear.MEC;
				SDKROOT_ppc = macosx10.5;
				USE_HEADERMAP = NO;
				WRAPPER_EXTENSION = vst; }; name = Release; };
		7A30D968E769CE0E04706580 = {isa = XCBuildConfiguration; buildSettings = {
				CLANG_CXX_LANGUAGE_STANDARD = "c++0x";
				CLANG_LINK_OBJC_RUNTIME = NO;
				COMBINE_HIDPI_IMAGES = YES;
				CONFIGURATION_BUILD_DIR = "$(PROJECT_DIR)/build/$(CONFIGURATION)";
				COPY_PHASE_STRIP = NO;
				DEPLOYMENT_LOCATION = YES;
				DSTROOT = /;
				GCC_DYNAMIC_NO_PIC = NO;
				GCC_OPTIMIZATION_LEVEL = 0;
				GCC_PREPROCESSOR_DEFINITIONS = (
					"_DEBUG=1",
					"DEBUG=1",
					"JUCER_XCODE_MAC_F6D2F4CF=1",
					"JUCE_APP_VERSION=1.0.0",
					"JUCE_APP_VERSION_HEX=0x10000",
					"JucePlugin_Build_VST=0",
					"JucePlugin_Build_VST3=1",
					"JucePlugin_Build_AU=0",
					"JucePlugin_Build_AUv3=0",
					"JucePlugin_Build_RTAS=0",
					"JucePlugin_Build_AAX=0",
					"JucePlugin_Build_Standalone=0", );
				GCC_VERSION = com.apple.compilers.llvm.clang.1_0;
				GENERATE_PKGINFO_FILE = YES;
				HEADER_SEARCH_PATHS = ("\"~/SDKs/Steinberg/VST3/VST3 SDK\"", "../../JuceLibraryCode", "../../JuceLibraryCode/modules", "../../../mec-api", "../../JuceLibraryCode/modules/juce_audio_plugin_client", "$(inherited)");
				INFOPLIST_FILE = Info-VST3.plist;
				INSTALL_PATH = "$(HOME)/Library/Audio/Plug-Ins/VST3/";
				LIBRARY_SEARCH_PATHS = ("$(inherited)", "\"../../../build/release/lib\"");
				LIBRARY_STYLE = Bundle;
				MACOSX_DEPLOYMENT_TARGET = 10.11;
				MACOSX_DEPLOYMENT_TARGET_ppc = 10.4;
				OTHER_LDFLAGS = "-bundle -lMEC -Wl,-rpath,@loader_path/../Frameworks -lmec-api";
				PRODUCT_BUNDLE_IDENTIFIER = com.technobear.MEC;
				SDKROOT_ppc = macosx10.5;
				USE_HEADERMAP = NO;
				WRAPPER_EXTENSION = vst3; }; name = Debug; };
		2758E84C567B58635C0E27C2 = {isa = XCBuildConfiguration; buildSettings = {
				CLANG_CXX_LANGUAGE_STANDARD = "c++0x";
				CLANG_LINK_OBJC_RUNTIME = NO;
				COMBINE_HIDPI_IMAGES = YES;
				CONFIGURATION_BUILD_DIR = "$(PROJECT_DIR)/build/$(CONFIGURATION)";
				DEAD_CODE_STRIPPING = YES;
				DEPLOYMENT_LOCATION = YES;
				DSTROOT = /;
				GCC_GENERATE_DEBUGGING_SYMBOLS = NO;
				GCC_OPTIMIZATION_LEVEL = 3;
				GCC_PREPROCESSOR_DEFINITIONS = (
					"_NDEBUG=1",
					"NDEBUG=1",
					"JUCER_XCODE_MAC_F6D2F4CF=1",
					"JUCE_APP_VERSION=1.0.0",
					"JUCE_APP_VERSION_HEX=0x10000",
					"JucePlugin_Build_VST=0",
					"JucePlugin_Build_VST3=1",
					"JucePlugin_Build_AU=0",
					"JucePlugin_Build_AUv3=0",
					"JucePlugin_Build_RTAS=0",
					"JucePlugin_Build_AAX=0",
					"JucePlugin_Build_Standalone=0", );
				GCC_SYMBOLS_PRIVATE_EXTERN = YES;
				GCC_VERSION = com.apple.compilers.llvm.clang.1_0;
				GENERATE_PKGINFO_FILE = YES;
				HEADER_SEARCH_PATHS = ("\"~/SDKs/Steinberg/VST3/VST3 SDK\"", "../../JuceLibraryCode", "../../JuceLibraryCode/modules", "../../../mec-api", "../../JuceLibraryCode/modules/juce_audio_plugin_client", "$(inherited)");
				INFOPLIST_FILE = Info-VST3.plist;
				INSTALL_PATH = "$(HOME)/Library/Audio/Plug-Ins/VST3/";
				LIBRARY_SEARCH_PATHS = ("$(inherited)", "\"../../../build/release/lib\"");
				LIBRARY_STYLE = Bundle;
				MACOSX_DEPLOYMENT_TARGET = 10.11;
				MACOSX_DEPLOYMENT_TARGET_ppc = 10.4;
				OTHER_LDFLAGS = "-bundle -lMEC -Wl,-rpath,@loader_path/../Frameworks -lmec-api";
				PRODUCT_BUNDLE_IDENTIFIER = com.technobear.MEC;
				SDKROOT_ppc = macosx10.5;
				USE_HEADERMAP = NO;
				WRAPPER_EXTENSION = vst3; }; name = Release; };
		AE8F716A8AD9E1BD2143FCB6 = {isa = XCBuildConfiguration; buildSettings = {
				CLANG_CXX_LANGUAGE_STANDARD = "c++0x";
				CLANG_LINK_OBJC_RUNTIME = NO;
				COMBINE_HIDPI_IMAGES = YES;
				CONFIGURATION_BUILD_DIR = "$(PROJECT_DIR)/build/$(CONFIGURATION)";
				COPY_PHASE_STRIP = NO;
				DEPLOYMENT_LOCATION = YES;
				DSTROOT = /;
				GCC_DYNAMIC_NO_PIC = NO;
				GCC_OPTIMIZATION_LEVEL = 0;
				GCC_PREPROCESSOR_DEFINITIONS = (
					"_DEBUG=1",
					"DEBUG=1",
					"JUCER_XCODE_MAC_F6D2F4CF=1",
					"JUCE_APP_VERSION=1.0.0",
					"JUCE_APP_VERSION_HEX=0x10000",
					"JucePlugin_Build_VST=0",
					"JucePlugin_Build_VST3=0",
					"JucePlugin_Build_AU=1",
					"JucePlugin_Build_AUv3=0",
					"JucePlugin_Build_RTAS=0",
					"JucePlugin_Build_AAX=0",
					"JucePlugin_Build_Standalone=0", );
				GCC_VERSION = com.apple.compilers.llvm.clang.1_0;
				GENERATE_PKGINFO_FILE = YES;
				HEADER_SEARCH_PATHS = ("\"~/SDKs/Steinberg/VST3/VST3 SDK\"", "../../JuceLibraryCode", "../../JuceLibraryCode/modules", "../../../mec-api", "../../JuceLibraryCode/modules/juce_audio_plugin_client", "$(inherited)");
				INFOPLIST_FILE = Info-AU.plist;
				INSTALL_PATH = "$(HOME)/Library/Audio/Plug-Ins/Components/";
				LIBRARY_SEARCH_PATHS = ("$(inherited)", "\"../../../build/release/lib\"");
				LIBRARY_STYLE = Bundle;
				MACOSX_DEPLOYMENT_TARGET = 10.11;
				MACOSX_DEPLOYMENT_TARGET_ppc = 10.4;
				OTHER_LDFLAGS = "-bundle -lMEC -Wl,-rpath,@loader_path/../Frameworks -lmec-api";
				OTHER_REZFLAGS = "-d ppc_$ppc -d i386_$i386 -d ppc64_$ppc64 -d x86_64_$x86_64 -I /System/Library/Frameworks/CoreServices.framework/Frameworks/CarbonCore.framework/Versions/A/Headers -I \"$(DEVELOPER_DIR)/Extras/CoreAudio/AudioUnits/AUPublic/AUBase\"";
				PRODUCT_BUNDLE_IDENTIFIER = com.technobear.MEC;
				SDKROOT_ppc = macosx10.5;
				USE_HEADERMAP = NO;
				WRAPPER_EXTENSION = component; }; name = Debug; };
		82C541E3BC57C8CF75DA76A7 = {isa = XCBuildConfiguration; buildSettings = {
				CLANG_CXX_LANGUAGE_STANDARD = "c++0x";
				CLANG_LINK_OBJC_RUNTIME = NO;
				COMBINE_HIDPI_IMAGES = YES;
				CONFIGURATION_BUILD_DIR = "$(PROJECT_DIR)/build/$(CONFIGURATION)";
				DEAD_CODE_STRIPPING = YES;
				DEPLOYMENT_LOCATION = YES;
				DSTROOT = /;
				GCC_GENERATE_DEBUGGING_SYMBOLS = NO;
				GCC_OPTIMIZATION_LEVEL = 3;
				GCC_PREPROCESSOR_DEFINITIONS = (
					"_NDEBUG=1",
					"NDEBUG=1",
					"JUCER_XCODE_MAC_F6D2F4CF=1",
					"JUCE_APP_VERSION=1.0.0",
					"JUCE_APP_VERSION_HEX=0x10000",
					"JucePlugin_Build_VST=0",
					"JucePlugin_Build_VST3=0",
					"JucePlugin_Build_AU=1",
					"JucePlugin_Build_AUv3=0",
					"JucePlugin_Build_RTAS=0",
					"JucePlugin_Build_AAX=0",
					"JucePlugin_Build_Standalone=0", );
				GCC_SYMBOLS_PRIVATE_EXTERN = YES;
				GCC_VERSION = com.apple.compilers.llvm.clang.1_0;
				GENERATE_PKGINFO_FILE = YES;
				HEADER_SEARCH_PATHS = ("\"~/SDKs/Steinberg/VST3/VST3 SDK\"", "../../JuceLibraryCode", "../../JuceLibraryCode/modules", "../../../mec-api", "../../JuceLibraryCode/modules/juce_audio_plugin_client", "$(inherited)");
				INFOPLIST_FILE = Info-AU.plist;
				INSTALL_PATH = "$(HOME)/Library/Audio/Plug-Ins/Components/";
				LIBRARY_SEARCH_PATHS = ("$(inherited)", "\"../../../build/release/lib\"");
				LIBRARY_STYLE = Bundle;
				MACOSX_DEPLOYMENT_TARGET = 10.11;
				MACOSX_DEPLOYMENT_TARGET_ppc = 10.4;
				OTHER_LDFLAGS = "-bundle -lMEC -Wl,-rpath,@loader_path/../Frameworks -lmec-api";
				OTHER_REZFLAGS = "-d ppc_$ppc -d i386_$i386 -d ppc64_$ppc64 -d x86_64_$x86_64 -I /System/Library/Frameworks/CoreServices.framework/Frameworks/CarbonCore.framework/Versions/A/Headers -I \"$(DEVELOPER_DIR)/Extras/CoreAudio/AudioUnits/AUPublic/AUBase\"";
				PRODUCT_BUNDLE_IDENTIFIER = com.technobear.MEC;
				SDKROOT_ppc = macosx10.5;
				USE_HEADERMAP = NO;
				WRAPPER_EXTENSION = component; }; name = Release; };
		FC0EC191B6138B06C11BC786 = {isa = XCBuildConfiguration; buildSettings = {
				CLANG_CXX_LANGUAGE_STANDARD = "c++0x";
				CLANG_LINK_OBJC_RUNTIME = NO;
				COMBINE_HIDPI_IMAGES = YES;
				CONFIGURATION_BUILD_DIR = "$(PROJECT_DIR)/build/$(CONFIGURATION)";
				COPY_PHASE_STRIP = NO;
				GCC_DYNAMIC_NO_PIC = NO;
				GCC_OPTIMIZATION_LEVEL = 0;
				GCC_PREPROCESSOR_DEFINITIONS = (
					"_DEBUG=1",
					"DEBUG=1",
					"JUCER_XCODE_MAC_F6D2F4CF=1",
					"JUCE_APP_VERSION=1.0.0",
					"JUCE_APP_VERSION_HEX=0x10000",
					"JucePlugin_Build_VST=1",
					"JucePlugin_Build_VST3=1",
					"JucePlugin_Build_AU=1",
					"JucePlugin_Build_AUv3=0",
					"JucePlugin_Build_RTAS=0",
					"JucePlugin_Build_AAX=0",
					"JucePlugin_Build_Standalone=0",
					"JUCE_SHARED_CODE=1", );
				GCC_VERSION = com.apple.compilers.llvm.clang.1_0;
				HEADER_SEARCH_PATHS = ("\"~/SDKs/Steinberg/VST3/VST3 SDK\"", "../../JuceLibraryCode", "../../JuceLibraryCode/modules", "../../../mec-api", "../../JuceLibraryCode/modules/juce_audio_plugin_client", "$(inherited)");
				INSTALL_PATH = "@executable_path/../Frameworks";
				LIBRARY_SEARCH_PATHS = ("$(inherited)", "\"../../../build/release/lib\"");
				MACOSX_DEPLOYMENT_TARGET = 10.11;
				MACOSX_DEPLOYMENT_TARGET_ppc = 10.4;
				OTHER_LDFLAGS = "-Wl,-rpath,@loader_path/../Frameworks -lmec-api";
				PRODUCT_BUNDLE_IDENTIFIER = com.technobear.MEC;
				SDKROOT_ppc = macosx10.5;
				USE_HEADERMAP = NO; }; name = Debug; };
		961E63735865E62CD2EA6A76 = {isa = XCBuildConfiguration; buildSettings = {
				CLANG_CXX_LANGUAGE_STANDARD = "c++0x";
				CLANG_LINK_OBJC_RUNTIME = NO;
				COMBINE_HIDPI_IMAGES = YES;
				CONFIGURATION_BUILD_DIR = "$(PROJECT_DIR)/build/$(CONFIGURATION)";
				DEAD_CODE_STRIPPING = YES;
				GCC_GENERATE_DEBUGGING_SYMBOLS = NO;
				GCC_OPTIMIZATION_LEVEL = 3;
				GCC_PREPROCESSOR_DEFINITIONS = (
					"_NDEBUG=1",
					"NDEBUG=1",
					"JUCER_XCODE_MAC_F6D2F4CF=1",
					"JUCE_APP_VERSION=1.0.0",
					"JUCE_APP_VERSION_HEX=0x10000",
					"JucePlugin_Build_VST=1",
					"JucePlugin_Build_VST3=1",
					"JucePlugin_Build_AU=1",
					"JucePlugin_Build_AUv3=0",
					"JucePlugin_Build_RTAS=0",
					"JucePlugin_Build_AAX=0",
					"JucePlugin_Build_Standalone=0",
					"JUCE_SHARED_CODE=1", );
				GCC_SYMBOLS_PRIVATE_EXTERN = YES;
				GCC_VERSION = com.apple.compilers.llvm.clang.1_0;
				HEADER_SEARCH_PATHS = ("\"~/SDKs/Steinberg/VST3/VST3 SDK\"", "../../JuceLibraryCode", "../../JuceLibraryCode/modules", "../../../mec-api", "../../JuceLibraryCode/modules/juce_audio_plugin_client", "$(inherited)");
				INSTALL_PATH = "@executable_path/../Frameworks";
				LIBRARY_SEARCH_PATHS = ("$(inherited)", "\"../../../build/release/lib\"");
				MACOSX_DEPLOYMENT_TARGET = 10.11;
				MACOSX_DEPLOYMENT_TARGET_ppc = 10.4;
				OTHER_LDFLAGS = "-Wl,-rpath,@loader_path/../Frameworks -lmec-api";
				PRODUCT_BUNDLE_IDENTIFIER = com.technobear.MEC;
				SDKROOT_ppc = macosx10.5;
				USE_HEADERMAP = NO; }; name = Release; };
		63C58CA2F6F5CE4E877C99D3 = {isa = XCBuildConfiguration; buildSettings = {
				ALWAYS_SEARCH_USER_PATHS = NO;
				DEBUG_INFORMATION_FORMAT = "dwarf";
				ENABLE_TESTABILITY = YES;
				GCC_C_LANGUAGE_STANDARD = c11;
				GCC_INLINES_ARE_PRIVATE_EXTERN = YES;
				GCC_MODEL_TUNING = G5;
				GCC_WARN_ABOUT_RETURN_TYPE = YES;
				GCC_WARN_CHECK_SWITCH_STATEMENTS = YES;
				GCC_WARN_MISSING_PARENTHESES = YES;
				GCC_WARN_NON_VIRTUAL_DESTRUCTOR = YES;
				GCC_WARN_TYPECHECK_CALLS_TO_PRINTF = YES;
				GCC_WARN_UNUSED_VARIABLE = YES;
				ONLY_ACTIVE_ARCH = YES;
				PRODUCT_NAME = "MEC";
				WARNING_CFLAGS = -Wreorder;
				ZERO_LINK = NO; }; name = Debug; };
		317C575362722325500950D6 = {isa = XCBuildConfiguration; buildSettings = {
				ALWAYS_SEARCH_USER_PATHS = NO;
				DEBUG_INFORMATION_FORMAT = "dwarf";
				GCC_C_LANGUAGE_STANDARD = c11;
				GCC_INLINES_ARE_PRIVATE_EXTERN = YES;
				GCC_MODEL_TUNING = G5;
				GCC_WARN_ABOUT_RETURN_TYPE = YES;
				GCC_WARN_CHECK_SWITCH_STATEMENTS = YES;
				GCC_WARN_MISSING_PARENTHESES = YES;
				GCC_WARN_NON_VIRTUAL_DESTRUCTOR = YES;
				GCC_WARN_TYPECHECK_CALLS_TO_PRINTF = YES;
				GCC_WARN_UNUSED_VARIABLE = YES;
				PRODUCT_NAME = "MEC";
				WARNING_CFLAGS = -Wreorder;
				ZERO_LINK = NO; }; name = Release; };
		67699B44D71825BEA191946D = {isa = PBXTargetDependency; target = A46D50937C711E893084A9BA; };
		B0B24CB41DF928D5C8714734 = {isa = PBXTargetDependency; target = 7A591831D9621386B577457F; };
		3F97258647C4D1422E5C8D84 = {isa = PBXTargetDependency; target = B273F7B326B755F6C2E2D198; };
		AEDF053F086B0889922249C0 = {isa = PBXTargetDependency; target = 6FD1199067ED50FFA72C6600; };
		89738D185C470C86781A753E = {isa = XCConfigurationList; buildConfigurations = (
					63C58CA2F6F5CE4E877C99D3,
					317C575362722325500950D6, ); defaultConfigurationIsVisible = 0; defaultConfigurationName = Debug; };
		43607E3B4F54B52C4C786F2E = {isa = XCConfigurationList; buildConfigurations = (
					CDF53D41651FB8F4916DE35E,
					351324086CC5A4D7239ABCA6, ); defaultConfigurationIsVisible = 0; defaultConfigurationName = Debug; };
		C9435C17716ED7BB09244C76 = {isa = PBXAggregateTarget; buildConfigurationList = 43607E3B4F54B52C4C786F2E; buildPhases = (  ); buildRules = ( ); dependencies = (
					67699B44D71825BEA191946D,
					B0B24CB41DF928D5C8714734,
					3F97258647C4D1422E5C8D84,
					AEDF053F086B0889922249C0, ); name = "MEC - All"; productName = MEC; };
		2D98EF5E2F344C2B1057207F = {isa = XCConfigurationList; buildConfigurations = (
					AA863C6E4E18754DE0ACE025,
					31B4D272F1BAFF4E335192E9, ); defaultConfigurationIsVisible = 0; defaultConfigurationName = Debug; };
		ABDB68AFBFD236CCD06BAE07 = {isa = PBXResourcesBuildPhase; buildActionMask = 2147483647; files = (
					3A7B4F723C0A1BE0CAC59AC7, ); runOnlyForDeploymentPostprocessing = 0; };
		2AB577828265E2FF63E818C6 = {isa = PBXSourcesBuildPhase; buildActionMask = 2147483647; files = (
					0D7A09B2E85B5AA24BE6C827, ); runOnlyForDeploymentPostprocessing = 0; };
		DA28C8459E3A92DBFA469D52 = {isa = PBXFrameworksBuildPhase; buildActionMask = 2147483647; files = (
					1D5012BC3EAA07B30642EC9C,
					A0844E2CB706142EE391DB90,
					5A5CAD9662FB0EC39176DB89,
					E5890BE11E1D7A12B85C780C,
					1D5BD77982DD6178C945C019,
					B1EED2F841C48B105E3B9602,
					1549D67EBD3EE8C0853348D7,
					DF3D9631E875F02BD02C4708,
					C1C9A65436CD231C3B69C884,
					30EF2A27D2CFBE3AD9D7D79A,
					DF518D7229D676912541A7E7,
					7261147E6CB7CC20269D1E48, ); runOnlyForDeploymentPostprocessing = 0; };
		A46D50937C711E893084A9BA = {isa = PBXNativeTarget; buildConfigurationList = 2D98EF5E2F344C2B1057207F; buildPhases = (
					ABDB68AFBFD236CCD06BAE07,
					2AB577828265E2FF63E818C6,
					DA28C8459E3A92DBFA469D52, ); buildRules = ( ); dependencies = (
					AEDF053F086B0889922249C0, ); name = "MEC - VST"; productName = MEC; productReference = EF8C7E829402A1956BF6771B; productType = "com.apple.product-type.bundle"; };
		133BBF54D6FBBFAC8E6FC8DE = {isa = XCConfigurationList; buildConfigurations = (
					7A30D968E769CE0E04706580,
					2758E84C567B58635C0E27C2, ); defaultConfigurationIsVisible = 0; defaultConfigurationName = Debug; };
		CDE09598466323A089B6DC26 = {isa = PBXResourcesBuildPhase; buildActionMask = 2147483647; files = (
					3A7B4F723C0A1BE0CAC59AC7, ); runOnlyForDeploymentPostprocessing = 0; };
		7BABE7E90DC9CF65AD84E30B = {isa = PBXSourcesBuildPhase; buildActionMask = 2147483647; files = (
					8DA2A4E06BFA0F4BBDB603D7, ); runOnlyForDeploymentPostprocessing = 0; };
		F22B241E5D0389C0E0EBCF10 = {isa = PBXFrameworksBuildPhase; buildActionMask = 2147483647; files = (
					1D5012BC3EAA07B30642EC9C,
					A0844E2CB706142EE391DB90,
					5A5CAD9662FB0EC39176DB89,
					E5890BE11E1D7A12B85C780C,
					1D5BD77982DD6178C945C019,
					B1EED2F841C48B105E3B9602,
					1549D67EBD3EE8C0853348D7,
					DF3D9631E875F02BD02C4708,
					C1C9A65436CD231C3B69C884,
					30EF2A27D2CFBE3AD9D7D79A,
					DF518D7229D676912541A7E7,
					7261147E6CB7CC20269D1E48, ); runOnlyForDeploymentPostprocessing = 0; };
		7A591831D9621386B577457F = {isa = PBXNativeTarget; buildConfigurationList = 133BBF54D6FBBFAC8E6FC8DE; buildPhases = (
					CDE09598466323A089B6DC26,
					7BABE7E90DC9CF65AD84E30B,
					F22B241E5D0389C0E0EBCF10, ); buildRules = ( ); dependencies = (
					AEDF053F086B0889922249C0, ); name = "MEC - VST3"; productName = MEC; productReference = 2AB6DAD98D55C5CCF1AECD8A; productType = "com.apple.product-type.bundle"; };
		6FF877EDAA0EA8EA6610AD09 = {isa = XCConfigurationList; buildConfigurations = (
					AE8F716A8AD9E1BD2143FCB6,
					82C541E3BC57C8CF75DA76A7, ); defaultConfigurationIsVisible = 0; defaultConfigurationName = Debug; };
		0290693EC6F15AC49BF47CF3 = {isa = PBXResourcesBuildPhase; buildActionMask = 2147483647; files = (
					3A7B4F723C0A1BE0CAC59AC7, ); runOnlyForDeploymentPostprocessing = 0; };
		D64381F91492A6C3C8D07DAE = {isa = PBXRezBuildPhase; buildActionMask = 2147483647; files = (
					3EBB8227EA0869C62AD99DCC, ); runOnlyForDeploymentPostprocessing = 0; };
		5575E5D73EF38C43661ED78F = {isa = PBXSourcesBuildPhase; buildActionMask = 2147483647; files = (
					B9813EF9699FF0B02C3F17D7,
					A07727A3111A3D156119ABCA, ); runOnlyForDeploymentPostprocessing = 0; };
		2C55C19149A44D95FAF36763 = {isa = PBXFrameworksBuildPhase; buildActionMask = 2147483647; files = (
					1D5012BC3EAA07B30642EC9C,
					A0844E2CB706142EE391DB90,
					5A5CAD9662FB0EC39176DB89,
					E5890BE11E1D7A12B85C780C,
					1D5BD77982DD6178C945C019,
					B1EED2F841C48B105E3B9602,
					1549D67EBD3EE8C0853348D7,
					DF3D9631E875F02BD02C4708,
					C1C9A65436CD231C3B69C884,
					30EF2A27D2CFBE3AD9D7D79A,
					DF518D7229D676912541A7E7,
					7261147E6CB7CC20269D1E48, ); runOnlyForDeploymentPostprocessing = 0; };
		B273F7B326B755F6C2E2D198 = {isa = PBXNativeTarget; buildConfigurationList = 6FF877EDAA0EA8EA6610AD09; buildPhases = (
					0290693EC6F15AC49BF47CF3,
					D64381F91492A6C3C8D07DAE,
					5575E5D73EF38C43661ED78F,
					2C55C19149A44D95FAF36763, ); buildRules = ( ); dependencies = (
					AEDF053F086B0889922249C0, ); name = "MEC - AU"; productName = MEC; productReference = CD7764515AB68C59BEBAD69E; productType = "com.apple.product-type.bundle"; };
		BBC297EC4C6220A9DB4B92AA = {isa = XCConfigurationList; buildConfigurations = (
					FC0EC191B6138B06C11BC786,
					961E63735865E62CD2EA6A76, ); defaultConfigurationIsVisible = 0; defaultConfigurationName = Debug; };
		24EB913BF02F0EE0DDDD8A35 = {isa = PBXSourcesBuildPhase; buildActionMask = 2147483647; files = (
					F60D4E0D6ECB557994716F9B,
					EBCAD98D7E9C40187674398C,
					C2CD7CB1A5C0141C2153733C,
					87D7724CC65DDE5D6E81611A,
					59BAA0CDD7FCCE70AFEA9199,
					313D41EE16936F78377DBF9F,
					A1E497502AD314AAA23D595C,
					ED4A7AAB222962004B1B567A,
					8EF3AFA0E78CCD546B2B9230,
					B4833BE92B5FAC9523E6D43A,
					9F6B8E9245DC4E324ED38EA6,
					64340A309BAA9699D06C264C,
					3446C1FD27673C1AAB8A7BE3,
					4A065B0818C70EB90674F9E9,
					F243930F7CDA4B614FB166B4,
					752ED9B2DBCE29EEE8E0CCCD,
					2965750B3A396D138A5D75DF,
					9C8D958CCEB84B859A76636C, ); runOnlyForDeploymentPostprocessing = 0; };
		6FD1199067ED50FFA72C6600 = {isa = PBXNativeTarget; buildConfigurationList = BBC297EC4C6220A9DB4B92AA; buildPhases = (
					24EB913BF02F0EE0DDDD8A35, ); buildRules = ( ); dependencies = (  ); name = "MEC - Shared Code"; productName = MEC; productReference = 7A3EB85354D5991B99BA1F4B; productType = "com.apple.product-type.library.static"; };
		64C654AED24AFFEA542308A1 = {isa = PBXProject; buildConfigurationList = 89738D185C470C86781A753E; attributes = { LastUpgradeCheck = 0830; TargetAttributes = { C9435C17716ED7BB09244C76 = { SystemCapabilities = {com.apple.InAppPurchase = { enabled = 0; }; com.apple.InterAppAudio = { enabled = 0; }; com.apple.Sandbox = { enabled = 0; }; }; };A46D50937C711E893084A9BA = { SystemCapabilities = {com.apple.InAppPurchase = { enabled = 0; }; com.apple.InterAppAudio = { enabled = 0; }; com.apple.Sandbox = { enabled = 0; }; }; };7A591831D9621386B577457F = { SystemCapabilities = {com.apple.InAppPurchase = { enabled = 0; }; com.apple.InterAppAudio = { enabled = 0; }; com.apple.Sandbox = { enabled = 0; }; }; };B273F7B326B755F6C2E2D198 = { SystemCapabilities = {com.apple.InAppPurchase = { enabled = 0; }; com.apple.InterAppAudio = { enabled = 0; }; com.apple.Sandbox = { enabled = 0; }; }; };6FD1199067ED50FFA72C6600 = { SystemCapabilities = {com.apple.InAppPurchase = { enabled = 0; }; com.apple.InterAppAudio = { enabled = 0; }; com.apple.Sandbox = { enabled = 0; }; }; }; }; }; compatibilityVersion = "Xcode 3.2"; hasScannedForEncodings = 0; mainGroup = 529AC845D54B215BA5627594; projectDirPath = ""; projectRoot = ""; targets = (C9435C17716ED7BB09244C76, A46D50937C711E893084A9BA, 7A591831D9621386B577457F, B273F7B326B755F6C2E2D198, 6FD1199067ED50FFA72C6600); };
	};
	rootObject = 64C654AED24AFFEA542308A1;
}
